github.com/dhanushs3366/activity-logger v0.0.0-20240711131551-0ca503ee4859 h1:L2G5Bt3gXJ0LLQgHMssx06qBVgwI0tQZxt0KNZAdQiA=
github.com/dhanushs3366/activity-logger v0.0.0-20240711131551-0ca503ee4859/go.mod h1:dnbVNaHoHkvh+28rQRoeX5roV1Bc897asG7vQBObfCU=
github.com/joho/godotenv v1.5.1 h1:7eLL/+HRGLY0ldzfGMeQkb7vMd0as4CfYvUVzLqw0N0=
github.com/joho/godotenv v1.5.1/go.mod h1:f4LDr5Voq0i2e/R5DDNOoa2zzDfwtkZa6DnEwAbqwq4=
